{
    "version": 3,
    "terraform_version": "0.11.3",
    "serial": 63,
    "lineage": "542c3d9b-ee08-4a1c-bece-4e783af912e8",
    "modules": [
        {
            "path": [
                "root"
            ],
            "outputs": {},
            "resources": {
                "aws_autoscaling_group.asg": {
                    "type": "aws_autoscaling_group",
                    "depends_on": [
                        "aws_elb.web",
                        "aws_launch_configuration.as_conf",
                        "data.terraform_remote_state.vpc"
                    ],
                    "primary": {
                        "id": "kinetix-web-asg",
                        "attributes": {
                            "arn": "arn:aws:autoscaling:us-east-2:667736703517:autoScalingGroup:8501cabc-e8cc-424e-822b-c3f0bfc62c3b:autoScalingGroupName/kinetix-web-asg",
                            "availability_zones.#": "2",
                            "availability_zones.1726430690": "us-east-2b",
                            "availability_zones.4293815384": "us-east-2a",
                            "default_cooldown": "300",
                            "desired_capacity": "2",
                            "force_delete": "true",
                            "health_check_grace_period": "300",
                            "health_check_type": "ELB",
                            "id": "kinetix-web-asg",
                            "launch_configuration": "kinetix-server-20180305183152437700000001",
                            "load_balancers.#": "1",
                            "load_balancers.535923867": "elb-public-web",
                            "max_size": "3",
                            "metrics_granularity": "1Minute",
                            "min_size": "1",
                            "name": "kinetix-web-asg",
                            "placement_group": "",
                            "protect_from_scale_in": "false",
                            "suspended_processes.#": "0",
                            "tag.#": "0",
                            "target_group_arns.#": "0",
                            "termination_policies.#": "0",
                            "vpc_zone_identifier.#": "2",
                            "vpc_zone_identifier.1046973364": "subnet-f307ee89",
                            "vpc_zone_identifier.2274757976": "subnet-a83482c0",
                            "wait_for_capacity_timeout": "10m"
                        },
                        "meta": {
                            "e2bfb730-ecaa-11e6-8f88-34363bc7c4c0": {
                                "delete": 600000000000
                            }
                        },
                        "tainted": false
                    },
                    "deposed": [],
                    "provider": "provider.aws"
                },
                "aws_db_instance.db_mysql": {
                    "type": "aws_db_instance",
                    "depends_on": [
                        "aws_db_subnet_group.mysql",
                        "aws_security_group.my-db-private"
                    ],
                    "primary": {
                        "id": "terraform-20180305130016510100000001",
                        "attributes": {
                            "address": "terraform-20180305130016510100000001.cioqgpfhsw4b.us-east-2.rds.amazonaws.com",
                            "allocated_storage": "10",
                            "arn": "arn:aws:rds:us-east-2:667736703517:db:terraform-20180305130016510100000001",
                            "auto_minor_version_upgrade": "true",
                            "availability_zone": "us-east-2a",
                            "backup_retention_period": "0",
                            "backup_window": "06:44-07:14",
                            "ca_cert_identifier": "rds-ca-2015",
                            "copy_tags_to_snapshot": "false",
                            "db_subnet_group_name": "main",
                            "endpoint": "terraform-20180305130016510100000001.cioqgpfhsw4b.us-east-2.rds.amazonaws.com:3306",
                            "engine": "mysql",
                            "engine_version": "5.6.37",
                            "hosted_zone_id": "Z2XHWR1WZ565X2",
                            "iam_database_authentication_enabled": "false",
                            "id": "terraform-20180305130016510100000001",
                            "identifier": "terraform-20180305130016510100000001",
                            "instance_class": "db.t2.micro",
                            "iops": "0",
                            "kms_key_id": "",
                            "license_model": "general-public-license",
                            "maintenance_window": "tue:04:40-tue:05:10",
                            "monitoring_interval": "0",
                            "multi_az": "false",
                            "name": "kinetix",
                            "option_group_name": "default:mysql-5-6",
                            "parameter_group_name": "default.mysql5.6",
                            "password": "H#59VJYcC9rvD$",
                            "port": "3306",
                            "publicly_accessible": "false",
                            "replicas.#": "0",
                            "replicate_source_db": "",
                            "resource_id": "db-MHBMOOJFSWK5J2TKYRW5NQFYKY",
                            "security_group_names.#": "0",
                            "skip_final_snapshot": "false",
                            "status": "available",
                            "storage_encrypted": "false",
                            "storage_type": "standard",
                            "tags.%": "0",
                            "timezone": "",
                            "username": "kinetix",
                            "vpc_security_group_ids.#": "1",
                            "vpc_security_group_ids.212498140": "sg-381aa153"
                        },
                        "meta": {
                            "e2bfb730-ecaa-11e6-8f88-34363bc7c4c0": {
                                "create": 2400000000000,
                                "delete": 2400000000000,
                                "update": 4800000000000
                            }
                        },
                        "tainted": false
                    },
                    "deposed": [],
                    "provider": "provider.aws"
                },
                "aws_db_subnet_group.mysql": {
                    "type": "aws_db_subnet_group",
                    "depends_on": [
                        "data.terraform_remote_state.vpc"
                    ],
                    "primary": {
                        "id": "main",
                        "attributes": {
                            "arn": "arn:aws:rds:us-east-2:667736703517:subgrp:main",
                            "description": "Managed by Terraform",
                            "id": "main",
                            "name": "main",
                            "subnet_ids.#": "2",
                            "subnet_ids.1046973364": "subnet-f307ee89",
                            "subnet_ids.2274757976": "subnet-a83482c0",
                            "tags.%": "1",
                            "tags.Name": "MySQL DB subnet group"
                        },
                        "meta": {},
                        "tainted": false
                    },
                    "deposed": [],
                    "provider": "provider.aws"
                },
                "aws_elb.web": {
                    "type": "aws_elb",
                    "depends_on": [
                        "aws_security_group.elb-sg",
                        "data.terraform_remote_state.vpc"
                    ],
                    "primary": {
                        "id": "elb-public-web",
                        "attributes": {
                            "access_logs.#": "0",
                            "arn": "arn:aws:elasticloadbalancing:us-east-2:667736703517:loadbalancer/elb-public-web",
                            "availability_zones.#": "2",
                            "availability_zones.1726430690": "us-east-2b",
                            "availability_zones.4293815384": "us-east-2a",
                            "connection_draining": "true",
                            "connection_draining_timeout": "400",
                            "cross_zone_load_balancing": "true",
                            "dns_name": "elb-public-web-420034000.us-east-2.elb.amazonaws.com",
                            "health_check.#": "1",
                            "health_check.0.healthy_threshold": "2",
                            "health_check.0.interval": "30",
                            "health_check.0.target": "TCP:80",
                            "health_check.0.timeout": "3",
                            "health_check.0.unhealthy_threshold": "2",
                            "id": "elb-public-web",
                            "idle_timeout": "60",
                            "instances.#": "2",
                            "instances.2494168583": "i-02492c0569903626f",
                            "instances.319876349": "i-089b5f5e19eb0aca0",
                            "internal": "false",
                            "listener.#": "1",
                            "listener.3057123346.instance_port": "80",
                            "listener.3057123346.instance_protocol": "http",
                            "listener.3057123346.lb_port": "80",
                            "listener.3057123346.lb_protocol": "http",
                            "listener.3057123346.ssl_certificate_id": "",
                            "name": "elb-public-web",
                            "security_groups.#": "1",
                            "security_groups.3985393267": "sg-d7c04bbc",
                            "source_security_group": "667736703517/elb-sg",
                            "source_security_group_id": "sg-d7c04bbc",
                            "subnets.#": "2",
                            "subnets.1905857944": "subnet-c53284ad",
                            "subnets.3368414041": "subnet-7704ed0d",
                            "tags.%": "0",
                            "zone_id": "Z3AADJGX6KTTL2"
                        },
                        "meta": {},
                        "tainted": false
                    },
                    "deposed": [],
                    "provider": "provider.aws"
                },
                "aws_iam_instance_profile.chroma_profile": {
                    "type": "aws_iam_instance_profile",
                    "depends_on": [
                        "aws_iam_role.chroma_role"
                    ],
                    "primary": {
                        "id": "chroma-profile",
                        "attributes": {
                            "arn": "arn:aws:iam::667736703517:instance-profile/chroma-profile",
                            "id": "chroma-profile",
                            "name": "chroma-profile",
                            "path": "/",
                            "role": "chroma-role",
                            "roles.#": "1",
                            "roles.3517584140": "chroma-role",
                            "unique_id": "AIPAJKHSVQXFRTQPKRDWS"
                        },
                        "meta": {},
                        "tainted": false
                    },
                    "deposed": [],
                    "provider": "provider.aws"
                },
                "aws_iam_role.chroma_role": {
                    "type": "aws_iam_role",
                    "depends_on": [],
                    "primary": {
                        "id": "chroma-role",
                        "attributes": {
                            "arn": "arn:aws:iam::667736703517:role/chroma-role",
                            "assume_role_policy": "{\"Version\":\"2012-10-17\",\"Statement\":[{\"Effect\":\"Allow\",\"Principal\":{\"Service\":\"ec2.amazonaws.com\"},\"Action\":\"sts:AssumeRole\"}]}",
                            "create_date": "2018-03-05T15:17:12Z",
                            "force_detach_policies": "false",
                            "id": "chroma-role",
                            "name": "chroma-role",
                            "path": "/",
                            "unique_id": "AROAJ2H4VGYTN3Q3OOSPS"
                        },
                        "meta": {},
                        "tainted": false
                    },
                    "deposed": [],
                    "provider": "provider.aws"
                },
                "aws_instance.puppet-master": {
                    "type": "aws_instance",
                    "depends_on": [
                        "aws_key_pair.auth",
                        "aws_security_group.puppet-master-sg",
                        "data.aws_ami.puppet_ami",
                        "data.terraform_remote_state.vpc"
                    ],
                    "primary": {
                        "id": "i-0d2e45aba18c3f15b",
                        "attributes": {
                            "ami": "ami-781a2d1d",
                            "associate_public_ip_address": "false",
                            "availability_zone": "us-east-2a",
                            "disable_api_termination": "false",
                            "ebs_block_device.#": "0",
                            "ebs_optimized": "false",
                            "ephemeral_block_device.#": "0",
                            "iam_instance_profile": "",
                            "id": "i-0d2e45aba18c3f15b",
                            "instance_state": "running",
                            "instance_type": "t2.small",
                            "ipv6_addresses.#": "0",
                            "key_name": "kinetix",
                            "monitoring": "false",
                            "network_interface.#": "0",
                            "network_interface_id": "eni-80496fde",
                            "placement_group": "",
                            "primary_network_interface_id": "eni-80496fde",
                            "private_dns": "ip-10-0-11-246.us-east-2.compute.internal",
                            "private_ip": "10.0.11.246",
                            "public_dns": "",
                            "public_ip": "",
                            "root_block_device.#": "1",
                            "root_block_device.0.delete_on_termination": "true",
                            "root_block_device.0.iops": "0",
                            "root_block_device.0.volume_id": "vol-0d9509d63b08e4736",
                            "root_block_device.0.volume_size": "8",
                            "root_block_device.0.volume_type": "standard",
                            "security_groups.#": "0",
                            "source_dest_check": "true",
                            "subnet_id": "subnet-a83482c0",
                            "tags.%": "1",
                            "tags.Name": "puppet-master",
                            "tenancy": "default",
                            "volume_tags.%": "0",
                            "vpc_security_group_ids.#": "1",
                            "vpc_security_group_ids.2552250229": "sg-dcda51b7"
                        },
                        "meta": {
                            "e2bfb730-ecaa-11e6-8f88-34363bc7c4c0": {
                                "create": 600000000000,
                                "delete": 600000000000,
                                "update": 600000000000
                            },
                            "schema_version": "1"
                        },
                        "tainted": false
                    },
                    "deposed": [],
                    "provider": "provider.aws"
                },
                "aws_instance.ssh_jumpbox": {
                    "type": "aws_instance",
                    "depends_on": [
                        "aws_key_pair.auth",
                        "aws_security_group.ssh-jumpbox-sg",
                        "data.aws_ami.ubuntu",
                        "data.terraform_remote_state.vpc"
                    ],
                    "primary": {
                        "id": "i-0ef1d55418664e828",
                        "attributes": {
                            "ami": "ami-b9daeddc",
                            "associate_public_ip_address": "true",
                            "availability_zone": "us-east-2a",
                            "disable_api_termination": "false",
                            "ebs_block_device.#": "0",
                            "ebs_optimized": "false",
                            "ephemeral_block_device.#": "0",
                            "iam_instance_profile": "",
                            "id": "i-0ef1d55418664e828",
                            "instance_state": "running",
                            "instance_type": "t2.micro",
                            "ipv6_addresses.#": "0",
                            "key_name": "kinetix",
                            "monitoring": "false",
                            "network_interface.#": "0",
                            "network_interface_id": "eni-c8241596",
                            "placement_group": "",
                            "primary_network_interface_id": "eni-c8241596",
                            "private_dns": "ip-10-0-3-27.us-east-2.compute.internal",
                            "private_ip": "10.0.3.27",
                            "public_dns": "",
                            "public_ip": "18.221.15.105",
                            "root_block_device.#": "1",
                            "root_block_device.0.delete_on_termination": "true",
                            "root_block_device.0.iops": "100",
                            "root_block_device.0.volume_id": "vol-032d01b4fcd97e2e2",
                            "root_block_device.0.volume_size": "8",
                            "root_block_device.0.volume_type": "gp2",
                            "security_groups.#": "0",
                            "source_dest_check": "true",
                            "subnet_id": "subnet-c53284ad",
                            "tags.%": "1",
                            "tags.Name": "ssh-jumpbox",
                            "tenancy": "default",
                            "volume_tags.%": "0",
                            "vpc_security_group_ids.#": "1",
                            "vpc_security_group_ids.3931805181": "sg-5b269d30"
                        },
                        "meta": {
                            "e2bfb730-ecaa-11e6-8f88-34363bc7c4c0": {
                                "create": 600000000000,
                                "delete": 600000000000,
                                "update": 600000000000
                            },
                            "schema_version": "1"
                        },
                        "tainted": false
                    },
                    "deposed": [],
                    "provider": "provider.aws"
                },
                "aws_key_pair.auth": {
                    "type": "aws_key_pair",
                    "depends_on": [],
                    "primary": {
                        "id": "kinetix",
                        "attributes": {
                            "fingerprint": "ee:61:47:b4:58:94:1b:7e:60:2e:4e:d3:9d:8f:f6:46",
                            "id": "kinetix",
                            "key_name": "kinetix",
                            "public_key": "ssh-rsa AAAAB3NzaC1yc2EAAAADAQABAAABAQDUhptE5/5KwGJA+01RG3XwGpBKVQ/vl8mmFMwfJqaR7WRy7Ro5VEvTfo8JEEVc8PNYukqSwI8ogivVlR0n/RUmatmGLTn3FaP8t1sm21C3OnJdXxz6oM+CBJYso1ovK44XRWgfqdwuBfPjggFY2gWf7tOhkj9HTXtL0i99YNzWXWeQNaWuxpYgbdH02xCCEArSoslKnpWfDjJ+G8C4Mj7ugIfQA1aQS0ALd73SPnPjmkvmjgWZWEEdiie9arsv3rvgv02+uOJwmU/i3y3387BJKmBNJj5O6Tacs181AnPmYvihWZznJHa6KezUelUxtioT7t0+Prp6LgZFJ5qa4Igx AzureAD+JoeDelNano@MSI"
                        },
                        "meta": {
                            "schema_version": "1"
                        },
                        "tainted": false
                    },
                    "deposed": [],
                    "provider": "provider.aws"
                },
                "aws_launch_configuration.as_conf": {
                    "type": "aws_launch_configuration",
                    "depends_on": [],
                    "primary": {
                        "id": "kinetix-server-20180305183152437700000001",
                        "attributes": {
                            "associate_public_ip_address": "false",
                            "ebs_block_device.#": "0",
                            "ebs_optimized": "false",
                            "enable_monitoring": "true",
                            "ephemeral_block_device.#": "0",
                            "iam_instance_profile": "chroma-profile",
                            "id": "kinetix-server-20180305183152437700000001",
                            "image_id": "ami-781a2d1d",
                            "instance_type": "t2.micro",
                            "key_name": "kinetix",
                            "name": "kinetix-server-20180305183152437700000001",
                            "name_prefix": "kinetix-server-",
                            "root_block_device.#": "0",
                            "security_groups.#": "1",
                            "security_groups.4149863020": "sg-35da515e",
                            "spot_price": "",
                            "user_data": "8c86dd78f7479d1236fa561587ccdf7aba79da65",
                            "vpc_classic_link_id": "",
                            "vpc_classic_link_security_groups.#": "0"
                        },
                        "meta": {},
                        "tainted": false
                    },
                    "deposed": [],
                    "provider": "provider.aws"
                },
                "aws_security_group.elb-sg": {
                    "type": "aws_security_group",
                    "depends_on": [
                        "data.terraform_remote_state.vpc"
                    ],
                    "primary": {
                        "id": "sg-d7c04bbc",
                        "attributes": {
                            "description": "Security group for public facing ELBs",
                            "egress.#": "1",
                            "egress.482069346.cidr_blocks.#": "1",
                            "egress.482069346.cidr_blocks.0": "0.0.0.0/0",
                            "egress.482069346.description": "",
                            "egress.482069346.from_port": "0",
                            "egress.482069346.ipv6_cidr_blocks.#": "0",
                            "egress.482069346.prefix_list_ids.#": "0",
                            "egress.482069346.protocol": "-1",
                            "egress.482069346.security_groups.#": "0",
                            "egress.482069346.self": "false",
                            "egress.482069346.to_port": "0",
                            "id": "sg-d7c04bbc",
                            "ingress.#": "1",
                            "ingress.2214680975.cidr_blocks.#": "1",
                            "ingress.2214680975.cidr_blocks.0": "0.0.0.0/0",
                            "ingress.2214680975.description": "",
                            "ingress.2214680975.from_port": "80",
                            "ingress.2214680975.ipv6_cidr_blocks.#": "0",
                            "ingress.2214680975.protocol": "tcp",
                            "ingress.2214680975.security_groups.#": "0",
                            "ingress.2214680975.self": "false",
                            "ingress.2214680975.to_port": "80",
                            "name": "elb-sg",
                            "owner_id": "667736703517",
                            "revoke_rules_on_delete": "false",
                            "tags.%": "0",
                            "vpc_id": "vpc-c52d98ad"
                        },
                        "meta": {
                            "schema_version": "1"
                        },
                        "tainted": false
                    },
                    "deposed": [],
                    "provider": "provider.aws"
                },
                "aws_security_group.my-db-private": {
                    "type": "aws_security_group",
                    "depends_on": [
                        "aws_security_group.ssh-jumpbox-sg",
                        "data.terraform_remote_state.vpc"
                    ],
                    "primary": {
                        "id": "sg-381aa153",
                        "attributes": {
                            "description": "Security group for backend servers and private ELBs",
                            "egress.#": "1",
                            "egress.482069346.cidr_blocks.#": "1",
                            "egress.482069346.cidr_blocks.0": "0.0.0.0/0",
                            "egress.482069346.description": "",
                            "egress.482069346.from_port": "0",
                            "egress.482069346.ipv6_cidr_blocks.#": "0",
                            "egress.482069346.prefix_list_ids.#": "0",
                            "egress.482069346.protocol": "-1",
                            "egress.482069346.security_groups.#": "0",
                            "egress.482069346.self": "false",
                            "egress.482069346.to_port": "0",
                            "id": "sg-381aa153",
                            "ingress.#": "2",
                            "ingress.151571766.cidr_blocks.#": "0",
                            "ingress.151571766.description": "",
                            "ingress.151571766.from_port": "22",
                            "ingress.151571766.ipv6_cidr_blocks.#": "0",
                            "ingress.151571766.protocol": "tcp",
                            "ingress.151571766.security_groups.#": "1",
                            "ingress.151571766.security_groups.3931805181": "sg-5b269d30",
                            "ingress.151571766.self": "false",
                            "ingress.151571766.to_port": "22",
                            "ingress.2442214264.cidr_blocks.#": "0",
                            "ingress.2442214264.description": "",
                            "ingress.2442214264.from_port": "3306",
                            "ingress.2442214264.ipv6_cidr_blocks.#": "0",
                            "ingress.2442214264.protocol": "tcp",
                            "ingress.2442214264.security_groups.#": "1",
                            "ingress.2442214264.security_groups.3931805181": "sg-5b269d30",
                            "ingress.2442214264.self": "false",
                            "ingress.2442214264.to_port": "3306",
                            "name": "my_db_sec_group_private",
                            "owner_id": "667736703517",
                            "revoke_rules_on_delete": "false",
                            "tags.%": "0",
                            "vpc_id": "vpc-c52d98ad"
                        },
                        "meta": {
                            "schema_version": "1"
                        },
                        "tainted": false
                    },
                    "deposed": [],
                    "provider": "provider.aws"
                },
                "aws_security_group.puppet-master-sg": {
                    "type": "aws_security_group",
                    "depends_on": [
                        "aws_security_group.ssh-jumpbox-sg",
                        "aws_security_group.web-server",
                        "data.terraform_remote_state.vpc"
                    ],
                    "primary": {
                        "id": "sg-dcda51b7",
                        "attributes": {
                            "description": "Security group for puppet master",
                            "egress.#": "1",
                            "egress.482069346.cidr_blocks.#": "1",
                            "egress.482069346.cidr_blocks.0": "0.0.0.0/0",
                            "egress.482069346.description": "",
                            "egress.482069346.from_port": "0",
                            "egress.482069346.ipv6_cidr_blocks.#": "0",
                            "egress.482069346.prefix_list_ids.#": "0",
                            "egress.482069346.protocol": "-1",
                            "egress.482069346.security_groups.#": "0",
                            "egress.482069346.self": "false",
                            "egress.482069346.to_port": "0",
                            "id": "sg-dcda51b7",
                            "ingress.#": "2",
                            "ingress.151571766.cidr_blocks.#": "0",
                            "ingress.151571766.description": "",
                            "ingress.151571766.from_port": "22",
                            "ingress.151571766.ipv6_cidr_blocks.#": "0",
                            "ingress.151571766.protocol": "tcp",
                            "ingress.151571766.security_groups.#": "1",
                            "ingress.151571766.security_groups.3931805181": "sg-5b269d30",
                            "ingress.151571766.self": "false",
                            "ingress.151571766.to_port": "22",
                            "ingress.1853784736.cidr_blocks.#": "0",
                            "ingress.1853784736.description": "",
                            "ingress.1853784736.from_port": "8140",
                            "ingress.1853784736.ipv6_cidr_blocks.#": "0",
                            "ingress.1853784736.protocol": "tcp",
                            "ingress.1853784736.security_groups.#": "1",
                            "ingress.1853784736.security_groups.4149863020": "sg-35da515e",
                            "ingress.1853784736.self": "false",
                            "ingress.1853784736.to_port": "8140",
                            "name": "puppet-master-sg",
                            "owner_id": "667736703517",
                            "revoke_rules_on_delete": "false",
                            "tags.%": "0",
                            "vpc_id": "vpc-c52d98ad"
                        },
                        "meta": {
                            "schema_version": "1"
                        },
                        "tainted": false
                    },
                    "deposed": [],
                    "provider": "provider.aws"
                },
                "aws_security_group.ssh-jumpbox-sg": {
                    "type": "aws_security_group",
                    "depends_on": [
                        "data.terraform_remote_state.vpc"
                    ],
                    "primary": {
                        "id": "sg-5b269d30",
                        "attributes": {
                            "description": "Allows for ssh-ing into vpc",
                            "egress.#": "1",
                            "egress.482069346.cidr_blocks.#": "1",
                            "egress.482069346.cidr_blocks.0": "0.0.0.0/0",
                            "egress.482069346.description": "",
                            "egress.482069346.from_port": "0",
                            "egress.482069346.ipv6_cidr_blocks.#": "0",
                            "egress.482069346.prefix_list_ids.#": "0",
                            "egress.482069346.protocol": "-1",
                            "egress.482069346.security_groups.#": "0",
                            "egress.482069346.self": "false",
                            "egress.482069346.to_port": "0",
                            "id": "sg-5b269d30",
                            "ingress.#": "1",
                            "ingress.2541437006.cidr_blocks.#": "1",
                            "ingress.2541437006.cidr_blocks.0": "0.0.0.0/0",
                            "ingress.2541437006.description": "",
                            "ingress.2541437006.from_port": "22",
                            "ingress.2541437006.ipv6_cidr_blocks.#": "0",
                            "ingress.2541437006.protocol": "tcp",
                            "ingress.2541437006.security_groups.#": "0",
                            "ingress.2541437006.self": "false",
                            "ingress.2541437006.to_port": "22",
                            "name": "ssh-jumpbox-sg",
                            "owner_id": "667736703517",
                            "revoke_rules_on_delete": "false",
                            "tags.%": "0",
                            "vpc_id": "vpc-c52d98ad"
                        },
                        "meta": {
                            "schema_version": "1"
                        },
                        "tainted": false
                    },
                    "deposed": [],
                    "provider": "provider.aws"
                },
                "aws_security_group.web-server": {
                    "type": "aws_security_group",
                    "depends_on": [
                        "aws_security_group.elb-sg",
                        "aws_security_group.ssh-jumpbox-sg",
                        "data.terraform_remote_state.vpc"
                    ],
                    "primary": {
                        "id": "sg-35da515e",
                        "attributes": {
                            "description": "Security group for servers",
                            "egress.#": "1",
                            "egress.482069346.cidr_blocks.#": "1",
                            "egress.482069346.cidr_blocks.0": "0.0.0.0/0",
                            "egress.482069346.description": "",
                            "egress.482069346.from_port": "0",
                            "egress.482069346.ipv6_cidr_blocks.#": "0",
                            "egress.482069346.prefix_list_ids.#": "0",
                            "egress.482069346.protocol": "-1",
                            "egress.482069346.security_groups.#": "0",
                            "egress.482069346.self": "false",
                            "egress.482069346.to_port": "0",
                            "id": "sg-35da515e",
                            "ingress.#": "2",
                            "ingress.151571766.cidr_blocks.#": "0",
                            "ingress.151571766.description": "",
                            "ingress.151571766.from_port": "22",
                            "ingress.151571766.ipv6_cidr_blocks.#": "0",
                            "ingress.151571766.protocol": "tcp",
                            "ingress.151571766.security_groups.#": "1",
                            "ingress.151571766.security_groups.3931805181": "sg-5b269d30",
                            "ingress.151571766.self": "false",
                            "ingress.151571766.to_port": "22",
                            "ingress.3045451895.cidr_blocks.#": "0",
                            "ingress.3045451895.description": "",
                            "ingress.3045451895.from_port": "80",
                            "ingress.3045451895.ipv6_cidr_blocks.#": "0",
                            "ingress.3045451895.protocol": "tcp",
                            "ingress.3045451895.security_groups.#": "1",
                            "ingress.3045451895.security_groups.3985393267": "sg-d7c04bbc",
                            "ingress.3045451895.self": "false",
                            "ingress.3045451895.to_port": "80",
                            "name": "web-server-sg",
                            "owner_id": "667736703517",
                            "revoke_rules_on_delete": "false",
                            "tags.%": "0",
                            "vpc_id": "vpc-c52d98ad"
                        },
                        "meta": {
                            "schema_version": "1"
                        },
                        "tainted": false
                    },
                    "deposed": [],
                    "provider": "provider.aws"
                },
                "data.aws_ami.puppet_ami": {
                    "type": "aws_ami",
                    "depends_on": [],
                    "primary": {
                        "id": "ami-781a2d1d",
                        "attributes": {
                            "architecture": "x86_64",
                            "block_device_mappings.#": "3",
                            "block_device_mappings.1634610537.device_name": "/dev/sdb",
                            "block_device_mappings.1634610537.ebs.%": "0",
                            "block_device_mappings.1634610537.no_device": "",
                            "block_device_mappings.1634610537.virtual_name": "ephemeral0",
                            "block_device_mappings.3850042718.device_name": "/dev/sdc",
                            "block_device_mappings.3850042718.ebs.%": "0",
                            "block_device_mappings.3850042718.no_device": "",
                            "block_device_mappings.3850042718.virtual_name": "ephemeral1",
                            "block_device_mappings.4184906282.device_name": "/dev/sda1",
                            "block_device_mappings.4184906282.ebs.%": "6",
                            "block_device_mappings.4184906282.ebs.delete_on_termination": "true",
                            "block_device_mappings.4184906282.ebs.encrypted": "false",
                            "block_device_mappings.4184906282.ebs.iops": "0",
                            "block_device_mappings.4184906282.ebs.snapshot_id": "snap-08afc3e43c254fd93",
                            "block_device_mappings.4184906282.ebs.volume_size": "8",
                            "block_device_mappings.4184906282.ebs.volume_type": "standard",
                            "block_device_mappings.4184906282.no_device": "",
                            "block_device_mappings.4184906282.virtual_name": "",
                            "creation_date": "2018-02-26T12:59:25.000Z",
                            "hypervisor": "xen",
                            "id": "ami-781a2d1d",
                            "image_id": "ami-781a2d1d",
                            "image_location": "667736703517/ebs-chroma-bastion-201802261254",
                            "image_type": "machine",
                            "most_recent": "true",
                            "name": "ebs-chroma-bastion-201802261254",
                            "name_regex": "^ebs-chroma-bastion",
                            "owner_id": "667736703517",
                            "product_codes.#": "0",
                            "public": "false",
                            "root_device_name": "/dev/sda1",
                            "root_device_type": "ebs",
                            "root_snapshot_id": "snap-08afc3e43c254fd93",
                            "sriov_net_support": "simple",
                            "state": "available",
                            "state_reason.%": "2",
                            "state_reason.code": "UNSET",
                            "state_reason.message": "UNSET",
                            "tags.%": "3",
                            "tags.Environment": "staging",
                            "tags.Node": "",
                            "tags.Project": "chroma",
                            "virtualization_type": "hvm"
                        },
                        "meta": {},
                        "tainted": false
                    },
                    "deposed": [],
                    "provider": "provider.aws"
                },
                "data.aws_ami.ubuntu": {
                    "type": "aws_ami",
                    "depends_on": [],
                    "primary": {
                        "id": "ami-b9daeddc",
                        "attributes": {
                            "architecture": "x86_64",
                            "block_device_mappings.#": "3",
                            "block_device_mappings.1634610537.device_name": "/dev/sdb",
                            "block_device_mappings.1634610537.ebs.%": "0",
                            "block_device_mappings.1634610537.no_device": "",
                            "block_device_mappings.1634610537.virtual_name": "ephemeral0",
                            "block_device_mappings.2547816212.device_name": "/dev/sda1",
                            "block_device_mappings.2547816212.ebs.%": "6",
                            "block_device_mappings.2547816212.ebs.delete_on_termination": "true",
                            "block_device_mappings.2547816212.ebs.encrypted": "false",
                            "block_device_mappings.2547816212.ebs.iops": "0",
                            "block_device_mappings.2547816212.ebs.snapshot_id": "snap-02f9d5321b88db717",
                            "block_device_mappings.2547816212.ebs.volume_size": "8",
                            "block_device_mappings.2547816212.ebs.volume_type": "gp2",
                            "block_device_mappings.2547816212.no_device": "",
                            "block_device_mappings.2547816212.virtual_name": "",
                            "block_device_mappings.3850042718.device_name": "/dev/sdc",
                            "block_device_mappings.3850042718.ebs.%": "0",
                            "block_device_mappings.3850042718.no_device": "",
                            "block_device_mappings.3850042718.virtual_name": "ephemeral1",
                            "creation_date": "2018-03-01T14:32:57.000Z",
                            "description": "Canonical, Ubuntu, 16.04 LTS, amd64 xenial image build on 2018-02-28",
                            "filter.#": "2",
                            "filter.1585153008.name": "name",
                            "filter.1585153008.values.#": "1",
                            "filter.1585153008.values.0": "ubuntu/images/hvm-ssd/ubuntu-xenial-16.04-amd64-server-*",
                            "filter.490168357.name": "virtualization-type",
                            "filter.490168357.values.#": "1",
                            "filter.490168357.values.0": "hvm",
                            "hypervisor": "xen",
                            "id": "ami-b9daeddc",
                            "image_id": "ami-b9daeddc",
                            "image_location": "099720109477/ubuntu/images/hvm-ssd/ubuntu-xenial-16.04-amd64-server-20180228.1",
                            "image_type": "machine",
                            "most_recent": "true",
                            "name": "ubuntu/images/hvm-ssd/ubuntu-xenial-16.04-amd64-server-20180228.1",
                            "owner_id": "099720109477",
                            "owners.#": "1",
                            "owners.0": "099720109477",
                            "product_codes.#": "0",
                            "public": "true",
                            "root_device_name": "/dev/sda1",
                            "root_device_type": "ebs",
                            "root_snapshot_id": "snap-02f9d5321b88db717",
                            "sriov_net_support": "simple",
                            "state": "available",
                            "state_reason.%": "2",
                            "state_reason.code": "UNSET",
                            "state_reason.message": "UNSET",
                            "tags.%": "0",
                            "virtualization_type": "hvm"
                        },
                        "meta": {},
                        "tainted": false
                    },
                    "deposed": [],
                    "provider": "provider.aws"
                },
                "data.terraform_remote_state.vpc": {
                    "type": "terraform_remote_state",
                    "depends_on": [],
                    "primary": {
                        "id": "2018-03-05 18:31:35.4079064 +0000 UTC",
                        "attributes": {
                            "backend": "local",
                            "config.%": "1",
                            "config.path": "vpc/terraform.tfstate",
                            "environment": "default",
                            "id": "2018-03-05 18:31:35.4079064 +0000 UTC",
                            "private_1_subnet_id": "subnet-a83482c0",
                            "public_1_subnet_id": "subnet-c53284ad",
                            "public_2_subnet_id": "subnet-7704ed0d",
                            "subnets.#": "2",
                            "subnets.0": "subnet-a83482c0",
                            "subnets.1": "subnet-f307ee89",
                            "vpc_id": "vpc-c52d98ad",
                            "workspace": "default"
                        },
                        "meta": {},
                        "tainted": false
                    },
                    "deposed": [],
                    "provider": "provider.terraform"
                }
            },
            "depends_on": []
        }
    ]
}
