{
    "version": 3,
    "terraform_version": "0.11.3",
    "serial": 3,
    "lineage": "5495b234-e7f7-4192-ac19-8f11179a127d",
    "modules": [
        {
            "path": [
                "root"
            ],
            "outputs": {
                "public_1_subnet_id": {
                    "sensitive": false,
                    "type": "string",
                    "value": "subnet-c53284ad"
                },
                "public_2_subnet_id": {
                    "sensitive": false,
                    "type": "string",
                    "value": "subnet-7704ed0d"
                },
                "subnets": {
                    "sensitive": false,
                    "type": "list",
                    "value": [
                        "subnet-a83482c0",
                        "subnet-f307ee89"
                    ]
                },
                "vpc_id": {
                    "sensitive": false,
                    "type": "string",
                    "value": "vpc-c52d98ad"
                }
            },
            "resources": {
                "aws_eip.nat_gw_eip": {
                    "type": "aws_eip",
                    "depends_on": [],
                    "primary": {
                        "id": "eipalloc-4247776c",
                        "attributes": {
                            "associate_with_private_ip": "10.0.8.1",
                            "association_id": "eipassoc-fdf40101",
                            "domain": "vpc",
                            "id": "eipalloc-4247776c",
                            "instance": "",
                            "network_interface": "eni-8b5610d5",
                            "private_ip": "10.0.3.95",
                            "public_ip": "18.220.42.109",
                            "tags.%": "0",
                            "vpc": "true"
                        },
                        "meta": {},
                        "tainted": false
                    },
                    "deposed": [],
                    "provider": "provider.aws"
                },
                "aws_internet_gateway.igw": {
                    "type": "aws_internet_gateway",
                    "depends_on": [
                        "aws_vpc.vpc"
                    ],
                    "primary": {
                        "id": "igw-ddd5d7b4",
                        "attributes": {
                            "id": "igw-ddd5d7b4",
                            "tags.%": "1",
                            "tags.Name": "prod-kinetix-igw",
                            "vpc_id": "vpc-c52d98ad"
                        },
                        "meta": {},
                        "tainted": false
                    },
                    "deposed": [],
                    "provider": "provider.aws"
                },
                "aws_nat_gateway.gw": {
                    "type": "aws_nat_gateway",
                    "depends_on": [
                        "aws_eip.nat_gw_eip",
                        "aws_subnet.public_1"
                    ],
                    "primary": {
                        "id": "nat-09beb2e337155be91",
                        "attributes": {
                            "allocation_id": "eipalloc-4247776c",
                            "id": "nat-09beb2e337155be91",
                            "network_interface_id": "eni-8b5610d5",
                            "private_ip": "10.0.3.95",
                            "public_ip": "18.220.42.109",
                            "subnet_id": "subnet-c53284ad",
                            "tags.%": "0"
                        },
                        "meta": {},
                        "tainted": false
                    },
                    "deposed": [],
                    "provider": "provider.aws"
                },
                "aws_route_table.ephemeral": {
                    "type": "aws_route_table",
                    "depends_on": [
                        "aws_nat_gateway.gw",
                        "aws_vpc.vpc"
                    ],
                    "primary": {
                        "id": "rtb-a82242c0",
                        "attributes": {
                            "id": "rtb-a82242c0",
                            "propagating_vgws.#": "0",
                            "route.#": "1",
                            "route.2271040934.cidr_block": "0.0.0.0/0",
                            "route.2271040934.egress_only_gateway_id": "",
                            "route.2271040934.gateway_id": "",
                            "route.2271040934.instance_id": "",
                            "route.2271040934.ipv6_cidr_block": "",
                            "route.2271040934.nat_gateway_id": "nat-09beb2e337155be91",
                            "route.2271040934.network_interface_id": "",
                            "route.2271040934.vpc_peering_connection_id": "",
                            "tags.%": "0",
                            "vpc_id": "vpc-c52d98ad"
                        },
                        "meta": {},
                        "tainted": false
                    },
                    "deposed": [],
                    "provider": "provider.aws"
                },
                "aws_route_table.public": {
                    "type": "aws_route_table",
                    "depends_on": [
                        "aws_internet_gateway.igw",
                        "aws_vpc.vpc"
                    ],
                    "primary": {
                        "id": "rtb-c12141a9",
                        "attributes": {
                            "id": "rtb-c12141a9",
                            "propagating_vgws.#": "0",
                            "route.#": "1",
                            "route.4026338191.cidr_block": "0.0.0.0/0",
                            "route.4026338191.egress_only_gateway_id": "",
                            "route.4026338191.gateway_id": "igw-ddd5d7b4",
                            "route.4026338191.instance_id": "",
                            "route.4026338191.ipv6_cidr_block": "",
                            "route.4026338191.nat_gateway_id": "",
                            "route.4026338191.network_interface_id": "",
                            "route.4026338191.vpc_peering_connection_id": "",
                            "tags.%": "0",
                            "vpc_id": "vpc-c52d98ad"
                        },
                        "meta": {},
                        "tainted": false
                    },
                    "deposed": [],
                    "provider": "provider.aws"
                },
                "aws_route_table_association.ephemeral_1": {
                    "type": "aws_route_table_association",
                    "depends_on": [
                        "aws_route_table.ephemeral",
                        "aws_subnet.ephemeral_1"
                    ],
                    "primary": {
                        "id": "rtbassoc-b13bd6da",
                        "attributes": {
                            "id": "rtbassoc-b13bd6da",
                            "route_table_id": "rtb-a82242c0",
                            "subnet_id": "subnet-a83482c0"
                        },
                        "meta": {},
                        "tainted": false
                    },
                    "deposed": [],
                    "provider": "provider.aws"
                },
                "aws_route_table_association.ephemeral_2": {
                    "type": "aws_route_table_association",
                    "depends_on": [
                        "aws_route_table.ephemeral",
                        "aws_subnet.ephemeral_2"
                    ],
                    "primary": {
                        "id": "rtbassoc-9e37daf5",
                        "attributes": {
                            "id": "rtbassoc-9e37daf5",
                            "route_table_id": "rtb-a82242c0",
                            "subnet_id": "subnet-f307ee89"
                        },
                        "meta": {},
                        "tainted": false
                    },
                    "deposed": [],
                    "provider": "provider.aws"
                },
                "aws_route_table_association.public_1": {
                    "type": "aws_route_table_association",
                    "depends_on": [
                        "aws_route_table.public",
                        "aws_subnet.public_1"
                    ],
                    "primary": {
                        "id": "rtbassoc-8037daeb",
                        "attributes": {
                            "id": "rtbassoc-8037daeb",
                            "route_table_id": "rtb-c12141a9",
                            "subnet_id": "subnet-c53284ad"
                        },
                        "meta": {},
                        "tainted": false
                    },
                    "deposed": [],
                    "provider": "provider.aws"
                },
                "aws_route_table_association.public_2": {
                    "type": "aws_route_table_association",
                    "depends_on": [
                        "aws_route_table.public",
                        "aws_subnet.public_2"
                    ],
                    "primary": {
                        "id": "rtbassoc-b93bd6d2",
                        "attributes": {
                            "id": "rtbassoc-b93bd6d2",
                            "route_table_id": "rtb-c12141a9",
                            "subnet_id": "subnet-7704ed0d"
                        },
                        "meta": {},
                        "tainted": false
                    },
                    "deposed": [],
                    "provider": "provider.aws"
                },
                "aws_subnet.ephemeral_1": {
                    "type": "aws_subnet",
                    "depends_on": [
                        "aws_vpc.vpc"
                    ],
                    "primary": {
                        "id": "subnet-a83482c0",
                        "attributes": {
                            "assign_ipv6_address_on_creation": "false",
                            "availability_zone": "us-east-2a",
                            "cidr_block": "10.0.8.0/22",
                            "id": "subnet-a83482c0",
                            "map_public_ip_on_launch": "false",
                            "tags.%": "1",
                            "tags.Name": "ephemeral-subnet-1",
                            "vpc_id": "vpc-c52d98ad"
                        },
                        "meta": {
                            "schema_version": "1"
                        },
                        "tainted": false
                    },
                    "deposed": [],
                    "provider": "provider.aws"
                },
                "aws_subnet.ephemeral_2": {
                    "type": "aws_subnet",
                    "depends_on": [
                        "aws_vpc.vpc"
                    ],
                    "primary": {
                        "id": "subnet-f307ee89",
                        "attributes": {
                            "assign_ipv6_address_on_creation": "false",
                            "availability_zone": "us-east-2b",
                            "cidr_block": "10.0.12.0/22",
                            "id": "subnet-f307ee89",
                            "map_public_ip_on_launch": "false",
                            "tags.%": "1",
                            "tags.Name": "ephemeral-subnet-2",
                            "vpc_id": "vpc-c52d98ad"
                        },
                        "meta": {
                            "schema_version": "1"
                        },
                        "tainted": false
                    },
                    "deposed": [],
                    "provider": "provider.aws"
                },
                "aws_subnet.public_1": {
                    "type": "aws_subnet",
                    "depends_on": [
                        "aws_vpc.vpc"
                    ],
                    "primary": {
                        "id": "subnet-c53284ad",
                        "attributes": {
                            "assign_ipv6_address_on_creation": "false",
                            "availability_zone": "us-east-2a",
                            "cidr_block": "10.0.0.0/22",
                            "id": "subnet-c53284ad",
                            "map_public_ip_on_launch": "true",
                            "tags.%": "1",
                            "tags.Name": "public-subnet-1",
                            "vpc_id": "vpc-c52d98ad"
                        },
                        "meta": {
                            "schema_version": "1"
                        },
                        "tainted": false
                    },
                    "deposed": [],
                    "provider": "provider.aws"
                },
                "aws_subnet.public_2": {
                    "type": "aws_subnet",
                    "depends_on": [
                        "aws_vpc.vpc"
                    ],
                    "primary": {
                        "id": "subnet-7704ed0d",
                        "attributes": {
                            "assign_ipv6_address_on_creation": "false",
                            "availability_zone": "us-east-2b",
                            "cidr_block": "10.0.4.0/22",
                            "id": "subnet-7704ed0d",
                            "map_public_ip_on_launch": "true",
                            "tags.%": "1",
                            "tags.Name": "public-subnet-2",
                            "vpc_id": "vpc-c52d98ad"
                        },
                        "meta": {
                            "schema_version": "1"
                        },
                        "tainted": false
                    },
                    "deposed": [],
                    "provider": "provider.aws"
                },
                "aws_vpc.vpc": {
                    "type": "aws_vpc",
                    "depends_on": [],
                    "primary": {
                        "id": "vpc-c52d98ad",
                        "attributes": {
                            "assign_generated_ipv6_cidr_block": "false",
                            "cidr_block": "10.0.0.0/16",
                            "default_network_acl_id": "acl-c7ba31af",
                            "default_route_table_id": "rtb-18224270",
                            "default_security_group_id": "sg-e3ac1988",
                            "dhcp_options_id": "dopt-21dff548",
                            "enable_dns_hostnames": "false",
                            "enable_dns_support": "true",
                            "id": "vpc-c52d98ad",
                            "instance_tenancy": "default",
                            "main_route_table_id": "rtb-18224270",
                            "tags.%": "1",
                            "tags.Name": "prod-kinetix"
                        },
                        "meta": {
                            "schema_version": "1"
                        },
                        "tainted": false
                    },
                    "deposed": [],
                    "provider": "provider.aws"
                }
            },
            "depends_on": []
        }
    ]
}
